
Microsoft Visual Studio Solution File, Format Version 11.00
# Visual C# Express 2010
Project("{FAE04EC0-301F-11D3-BF4B-00C04F79EFBC}") = "CopperSource", "CopperSource\CopperSource\CopperSource.csproj", "{BA7FA9C1-B4FB-49D2-910F-9813E12518EE}"
EndProject
Project("{96E2B04D-8817-42C6-938A-82C39BA4D311}") = "CopperSourceContent", "CopperSource\CopperSourceContent\CopperSourceContent.contentproj", "{3EA1F8F4-58C0-4B73-9A5A-B8ED357BDBBC}"
EndProject
Global
	GlobalSection(SolutionConfigurationPlatforms) = preSolution
		Debug|x86 = Debug|x86
		Release|x86 = Release|x86
	EndGlobalSection
	GlobalSection(ProjectConfigurationPlatforms) = postSolution
		{BA7FA9C1-B4FB-49D2-910F-9813E12518EE}.Debug|x86.ActiveCfg = Debug|x86
		{BA7FA9C1-B4FB-49D2-910F-9813E12518EE}.Debug|x86.Build.0 = Debug|x86
		{BA7FA9C1-B4FB-49D2-910F-9813E12518EE}.Release|x86.ActiveCfg = Release|x86
		{BA7FA9C1-B4FB-49D2-910F-9813E12518EE}.Release|x86.Build.0 = Release|x86
		{3EA1F8F4-58C0-4B73-9A5A-B8ED357BDBBC}.Debug|x86.ActiveCfg = Debug|x86
		{3EA1F8F4-58C0-4B73-9A5A-B8ED357BDBBC}.Release|x86.ActiveCfg = Release|x86
	EndGlobalSection
	GlobalSection(SolutionProperties) = preSolution
		HideSolutionNode = FALSE
	EndGlobalSection
EndGlobal
